// !$*UTF8*$!
{
	archiveVersion = 1;
	classes = {
	};
	objectVersion = 56;
	objects = {

/* Begin PBXBuildFile section */
		991F3A9D2C78BBE400E1CC1C /* CostiaApp.swift in Sources */ = {isa = PBXBuildFile; fileRef = 991F3A9C2C78BBE400E1CC1C /* CostiaApp.swift */; };
		991F3A9F2C78BBE400E1CC1C /* ContentView.swift in Sources */ = {isa = PBXBuildFile; fileRef = 991F3A9E2C78BBE400E1CC1C /* ContentView.swift */; };
		991F3AA12C78BBE500E1CC1C /* Assets.xcassets in Resources */ = {isa = PBXBuildFile; fileRef = 991F3AA02C78BBE500E1CC1C /* Assets.xcassets */; };
		991F3AA42C78BBE500E1CC1C /* Preview Assets.xcassets in Resources */ = {isa = PBXBuildFile; fileRef = 991F3AA32C78BBE500E1CC1C /* Preview Assets.xcassets */; };
		991F3AAB2C78CB7A00E1CC1C /* OnboardingView.swift in Sources */ = {isa = PBXBuildFile; fileRef = 991F3AAA2C78CB7A00E1CC1C /* OnboardingView.swift */; };
		991F3AAE2C78D6F100E1CC1C /* MainTabView.swift in Sources */ = {isa = PBXBuildFile; fileRef = 991F3AAD2C78D6F100E1CC1C /* MainTabView.swift */; };
		991F3AB82C82195000E1CC1C /* SplashScreenView.swift in Sources */ = {isa = PBXBuildFile; fileRef = 991F3AB72C82195000E1CC1C /* SplashScreenView.swift */; };
		991F3ABA2C84C86D00E1CC1C /* ScannerView.swift in Sources */ = {isa = PBXBuildFile; fileRef = 991F3AB92C84C86D00E1CC1C /* ScannerView.swift */; };
		991F3ABE2C84CD3400E1CC1C /* HomeView.swift in Sources */ = {isa = PBXBuildFile; fileRef = 991F3ABD2C84CD3400E1CC1C /* HomeView.swift */; };
		991F3AC12C873A2600E1CC1C /* LocationService.swift in Sources */ = {isa = PBXBuildFile; fileRef = 991F3AC02C873A2600E1CC1C /* LocationService.swift */; };
		991F3AC32C88A88200E1CC1C /* ScannerViewModel.swift in Sources */ = {isa = PBXBuildFile; fileRef = 991F3AC22C88A88200E1CC1C /* ScannerViewModel.swift */; };
		991F3AC52C88ACF700E1CC1C /* DataScannerView.swift in Sources */ = {isa = PBXBuildFile; fileRef = 991F3AC42C88ACF700E1CC1C /* DataScannerView.swift */; };
		991F3AC92C933C6000E1CC1C /* ProductSearchView.swift in Sources */ = {isa = PBXBuildFile; fileRef = 991F3AC82C933C6000E1CC1C /* ProductSearchView.swift */; };
		991F3ACB2C93472C00E1CC1C /* WebView.swift in Sources */ = {isa = PBXBuildFile; fileRef = 991F3ACA2C93472C00E1CC1C /* WebView.swift */; };
		991F3ACD2C9C3B5B00E1CC1C /* CartItem.swift in Sources */ = {isa = PBXBuildFile; fileRef = 991F3ACC2C9C3B5B00E1CC1C /* CartItem.swift */; };
		991F3ACF2C9C3B7D00E1CC1C /* CartView.swift in Sources */ = {isa = PBXBuildFile; fileRef = 991F3ACE2C9C3B7D00E1CC1C /* CartView.swift */; };
		991F3AD12C9C3BC400E1CC1C /* AddProductView.swift in Sources */ = {isa = PBXBuildFile; fileRef = 991F3AD02C9C3BC400E1CC1C /* AddProductView.swift */; };
		991F3AD32C9C3BFF00E1CC1C /* ImagePicker.swift in Sources */ = {isa = PBXBuildFile; fileRef = 991F3AD22C9C3BFF00E1CC1C /* ImagePicker.swift */; };
		991F3AD52C9C75A400E1CC1C /* AddProductViewModel.swift in Sources */ = {isa = PBXBuildFile; fileRef = 991F3AD42C9C75A400E1CC1C /* AddProductViewModel.swift */; };
		991F3AD72C9C75E600E1CC1C /* CartViewModel.swift in Sources */ = {isa = PBXBuildFile; fileRef = 991F3AD62C9C75E600E1CC1C /* CartViewModel.swift */; };
		991F3ADE2C9C7A4D00E1CC1C /* AddProductTest.swift in Sources */ = {isa = PBXBuildFile; fileRef = 991F3ADD2C9C7A4D00E1CC1C /* AddProductTest.swift */; };
/* End PBXBuildFile section */

/* Begin PBXFileReference section */
		991F3A992C78BBE400E1CC1C /* Costia.app */ = {isa = PBXFileReference; explicitFileType = wrapper.application; includeInIndex = 0; path = Costia.app; sourceTree = BUILT_PRODUCTS_DIR; };
		991F3A9C2C78BBE400E1CC1C /* CostiaApp.swift */ = {isa = PBXFileReference; lastKnownFileType = sourcecode.swift; path = CostiaApp.swift; sourceTree = "<group>"; };
		991F3A9E2C78BBE400E1CC1C /* ContentView.swift */ = {isa = PBXFileReference; lastKnownFileType = sourcecode.swift; path = ContentView.swift; sourceTree = "<group>"; };
		991F3AA02C78BBE500E1CC1C /* Assets.xcassets */ = {isa = PBXFileReference; lastKnownFileType = folder.assetcatalog; path = Assets.xcassets; sourceTree = "<group>"; };
		991F3AA32C78BBE500E1CC1C /* Preview Assets.xcassets */ = {isa = PBXFileReference; lastKnownFileType = folder.assetcatalog; path = "Preview Assets.xcassets"; sourceTree = "<group>"; };
		991F3AAA2C78CB7A00E1CC1C /* OnboardingView.swift */ = {isa = PBXFileReference; lastKnownFileType = sourcecode.swift; path = OnboardingView.swift; sourceTree = "<group>"; };
		991F3AAD2C78D6F100E1CC1C /* MainTabView.swift */ = {isa = PBXFileReference; lastKnownFileType = sourcecode.swift; path = MainTabView.swift; sourceTree = "<group>"; };
		991F3AB72C82195000E1CC1C /* SplashScreenView.swift */ = {isa = PBXFileReference; lastKnownFileType = sourcecode.swift; path = SplashScreenView.swift; sourceTree = "<group>"; };
		991F3AB92C84C86D00E1CC1C /* ScannerView.swift */ = {isa = PBXFileReference; lastKnownFileType = sourcecode.swift; path = ScannerView.swift; sourceTree = "<group>"; };
		991F3ABD2C84CD3400E1CC1C /* HomeView.swift */ = {isa = PBXFileReference; lastKnownFileType = sourcecode.swift; path = HomeView.swift; sourceTree = "<group>"; };
		991F3AC02C873A2600E1CC1C /* LocationService.swift */ = {isa = PBXFileReference; lastKnownFileType = sourcecode.swift; path = LocationService.swift; sourceTree = "<group>"; };
		991F3AC22C88A88200E1CC1C /* ScannerViewModel.swift */ = {isa = PBXFileReference; lastKnownFileType = sourcecode.swift; path = ScannerViewModel.swift; sourceTree = "<group>"; };
		991F3AC42C88ACF700E1CC1C /* DataScannerView.swift */ = {isa = PBXFileReference; lastKnownFileType = sourcecode.swift; path = DataScannerView.swift; sourceTree = "<group>"; };
		991F3AC82C933C6000E1CC1C /* ProductSearchView.swift */ = {isa = PBXFileReference; lastKnownFileType = sourcecode.swift; path = ProductSearchView.swift; sourceTree = "<group>"; };
		991F3ACA2C93472C00E1CC1C /* WebView.swift */ = {isa = PBXFileReference; lastKnownFileType = sourcecode.swift; path = WebView.swift; sourceTree = "<group>"; };
		991F3ACC2C9C3B5B00E1CC1C /* CartItem.swift */ = {isa = PBXFileReference; lastKnownFileType = sourcecode.swift; path = CartItem.swift; sourceTree = "<group>"; };
		991F3ACE2C9C3B7D00E1CC1C /* CartView.swift */ = {isa = PBXFileReference; lastKnownFileType = sourcecode.swift; path = CartView.swift; sourceTree = "<group>"; };
		991F3AD02C9C3BC400E1CC1C /* AddProductView.swift */ = {isa = PBXFileReference; lastKnownFileType = sourcecode.swift; path = AddProductView.swift; sourceTree = "<group>"; };
		991F3AD22C9C3BFF00E1CC1C /* ImagePicker.swift */ = {isa = PBXFileReference; lastKnownFileType = sourcecode.swift; path = ImagePicker.swift; sourceTree = "<group>"; };
		991F3AD42C9C75A400E1CC1C /* AddProductViewModel.swift */ = {isa = PBXFileReference; lastKnownFileType = sourcecode.swift; path = AddProductViewModel.swift; sourceTree = "<group>"; };
		991F3AD62C9C75E600E1CC1C /* CartViewModel.swift */ = {isa = PBXFileReference; lastKnownFileType = sourcecode.swift; path = CartViewModel.swift; sourceTree = "<group>"; };
		991F3ADD2C9C7A4D00E1CC1C /* AddProductTest.swift */ = {isa = PBXFileReference; lastKnownFileType = sourcecode.swift; path = AddProductTest.swift; sourceTree = "<group>"; };
/* End PBXFileReference section */

/* Begin PBXFrameworksBuildPhase section */
		991F3A962C78BBE400E1CC1C /* Frameworks */ = {
			isa = PBXFrameworksBuildPhase;
			buildActionMask = 2147483647;
			files = (
			);
			runOnlyForDeploymentPostprocessing = 0;
		};
/* End PBXFrameworksBuildPhase section */

/* Begin PBXGroup section */
		991F3A902C78BBE400E1CC1C = {
			isa = PBXGroup;
			children = (
				991F3AD82C9C791900E1CC1C /* Tests */,
				991F3ABF2C873A1100E1CC1C /* Services */,
				991F3AB02C78D81D00E1CC1C /* Model */,
				991F3AAF2C78D81400E1CC1C /* ViewModel */,
				991F3AAC2C78CB8800E1CC1C /* View */,
				991F3A9B2C78BBE400E1CC1C /* Costia */,
				991F3A9A2C78BBE400E1CC1C /* Products */,
			);
			sourceTree = "<group>";
		};
		991F3A9A2C78BBE400E1CC1C /* Products */ = {
			isa = PBXGroup;
			children = (
				991F3A992C78BBE400E1CC1C /* Costia.app */,
			);
			name = Products;
			sourceTree = "<group>";
		};
		991F3A9B2C78BBE400E1CC1C /* Costia */ = {
			isa = PBXGroup;
			children = (
				991F3A9C2C78BBE400E1CC1C /* CostiaApp.swift */,
				991F3A9E2C78BBE400E1CC1C /* ContentView.swift */,
				991F3AA02C78BBE500E1CC1C /* Assets.xcassets */,
				991F3AA22C78BBE500E1CC1C /* Preview Content */,
			);
			path = Costia;
			sourceTree = "<group>";
		};
		991F3AA22C78BBE500E1CC1C /* Preview Content */ = {
			isa = PBXGroup;
			children = (
				991F3AA32C78BBE500E1CC1C /* Preview Assets.xcassets */,
			);
			path = "Preview Content";
			sourceTree = "<group>";
		};
		991F3AAC2C78CB8800E1CC1C /* View */ = {
			isa = PBXGroup;
			children = (
				991F3AAA2C78CB7A00E1CC1C /* OnboardingView.swift */,
				991F3AAD2C78D6F100E1CC1C /* MainTabView.swift */,
				991F3AB72C82195000E1CC1C /* SplashScreenView.swift */,
				991F3AB92C84C86D00E1CC1C /* ScannerView.swift */,
				991F3ABD2C84CD3400E1CC1C /* HomeView.swift */,
				991F3AC42C88ACF700E1CC1C /* DataScannerView.swift */,
				991F3AC82C933C6000E1CC1C /* ProductSearchView.swift */,
				991F3ACA2C93472C00E1CC1C /* WebView.swift */,
				991F3ACE2C9C3B7D00E1CC1C /* CartView.swift */,
				991F3AD02C9C3BC400E1CC1C /* AddProductView.swift */,
			);
			path = View;
			sourceTree = "<group>";
		};
		991F3AAF2C78D81400E1CC1C /* ViewModel */ = {
			isa = PBXGroup;
			children = (
				991F3AC22C88A88200E1CC1C /* ScannerViewModel.swift */,
				991F3AD42C9C75A400E1CC1C /* AddProductViewModel.swift */,
				991F3AD62C9C75E600E1CC1C /* CartViewModel.swift */,
			);
			path = ViewModel;
			sourceTree = "<group>";
		};
		991F3AB02C78D81D00E1CC1C /* Model */ = {
			isa = PBXGroup;
			children = (
				991F3ACC2C9C3B5B00E1CC1C /* CartItem.swift */,
			);
			path = Model;
			sourceTree = "<group>";
		};
		991F3ABF2C873A1100E1CC1C /* Services */ = {
			isa = PBXGroup;
			children = (
				991F3AC02C873A2600E1CC1C /* LocationService.swift */,
				991F3AD22C9C3BFF00E1CC1C /* ImagePicker.swift */,
			);
			path = Services;
			sourceTree = "<group>";
		};
		991F3AD82C9C791900E1CC1C /* Tests */ = {
			isa = PBXGroup;
			children = (
				991F3ADD2C9C7A4D00E1CC1C /* AddProductTest.swift */,
			);
			path = Tests;
			sourceTree = "<group>";
		};
/* End PBXGroup section */

/* Begin PBXNativeTarget section */
		991F3A982C78BBE400E1CC1C /* Costia */ = {
			isa = PBXNativeTarget;
			buildConfigurationList = 991F3AA72C78BBE500E1CC1C /* Build configuration list for PBXNativeTarget "Costia" */;
			buildPhases = (
				991F3A952C78BBE400E1CC1C /* Sources */,
				991F3A962C78BBE400E1CC1C /* Frameworks */,
				991F3A972C78BBE400E1CC1C /* Resources */,
			);
			buildRules = (
			);
			dependencies = (
			);
			name = Costia;
			productName = Costia;
			productReference = 991F3A992C78BBE400E1CC1C /* Costia.app */;
			productType = "com.apple.product-type.application";
		};
/* End PBXNativeTarget section */

/* Begin PBXProject section */
		991F3A912C78BBE400E1CC1C /* Project object */ = {
			isa = PBXProject;
			attributes = {
				BuildIndependentTargetsInParallel = 1;
				LastSwiftUpdateCheck = 1540;
				LastUpgradeCheck = 1540;
				TargetAttributes = {
					991F3A982C78BBE400E1CC1C = {
						CreatedOnToolsVersion = 15.4;
					};
				};
			};
			buildConfigurationList = 991F3A942C78BBE400E1CC1C /* Build configuration list for PBXProject "Costia" */;
			compatibilityVersion = "Xcode 14.0";
			developmentRegion = en;
			hasScannedForEncodings = 0;
			knownRegions = (
				en,
				Base,
			);
			mainGroup = 991F3A902C78BBE400E1CC1C;
			productRefGroup = 991F3A9A2C78BBE400E1CC1C /* Products */;
			projectDirPath = "";
			projectRoot = "";
			targets = (
				991F3A982C78BBE400E1CC1C /* Costia */,
			);
		};
/* End PBXProject section */

/* Begin PBXResourcesBuildPhase section */
		991F3A972C78BBE400E1CC1C /* Resources */ = {
			isa = PBXResourcesBuildPhase;
			buildActionMask = 2147483647;
			files = (
				991F3AA42C78BBE500E1CC1C /* Preview Assets.xcassets in Resources */,
				991F3AA12C78BBE500E1CC1C /* Assets.xcassets in Resources */,
			);
			runOnlyForDeploymentPostprocessing = 0;
		};
/* End PBXResourcesBuildPhase section */

/* Begin PBXSourcesBuildPhase section */
		991F3A952C78BBE400E1CC1C /* Sources */ = {
			isa = PBXSourcesBuildPhase;
			buildActionMask = 2147483647;
			files = (
				991F3AAB2C78CB7A00E1CC1C /* OnboardingView.swift in Sources */,
				991F3AD52C9C75A400E1CC1C /* AddProductViewModel.swift in Sources */,
				991F3AC52C88ACF700E1CC1C /* DataScannerView.swift in Sources */,
				991F3ABE2C84CD3400E1CC1C /* HomeView.swift in Sources */,
				991F3ADE2C9C7A4D00E1CC1C /* AddProductTest.swift in Sources */,
				991F3AC12C873A2600E1CC1C /* LocationService.swift in Sources */,
				991F3AAE2C78D6F100E1CC1C /* MainTabView.swift in Sources */,
				991F3AD72C9C75E600E1CC1C /* CartViewModel.swift in Sources */,
				991F3AC92C933C6000E1CC1C /* ProductSearchView.swift in Sources */,
				991F3AC32C88A88200E1CC1C /* ScannerViewModel.swift in Sources */,
				991F3AB82C82195000E1CC1C /* SplashScreenView.swift in Sources */,
				991F3ACF2C9C3B7D00E1CC1C /* CartView.swift in Sources */,
				991F3AD12C9C3BC400E1CC1C /* AddProductView.swift in Sources */,
				991F3A9F2C78BBE400E1CC1C /* ContentView.swift in Sources */,
				991F3ACB2C93472C00E1CC1C /* WebView.swift in Sources */,
				991F3A9D2C78BBE400E1CC1C /* CostiaApp.swift in Sources */,
				991F3AD32C9C3BFF00E1CC1C /* ImagePicker.swift in Sources */,
				991F3ACD2C9C3B5B00E1CC1C /* CartItem.swift in Sources */,
				991F3ABA2C84C86D00E1CC1C /* ScannerView.swift in Sources */,
			);
			runOnlyForDeploymentPostprocessing = 0;
		};
/* End PBXSourcesBuildPhase section */

/* Begin XCBuildConfiguration section */
		991F3AA52C78BBE500E1CC1C /* Debug */ = {
			isa = XCBuildConfiguration;
			buildSettings = {
				ALWAYS_SEARCH_USER_PATHS = NO;
				ASSETCATALOG_COMPILER_GENERATE_SWIFT_ASSET_SYMBOL_EXTENSIONS = YES;
				CLANG_ANALYZER_NONNULL = YES;
				CLANG_ANALYZER_NUMBER_OBJECT_CONVERSION = YES_AGGRESSIVE;
				CLANG_CXX_LANGUAGE_STANDARD = "gnu++20";
				CLANG_ENABLE_MODULES = YES;
				CLANG_ENABLE_OBJC_ARC = YES;
				CLANG_ENABLE_OBJC_WEAK = YES;
				CLANG_WARN_BLOCK_CAPTURE_AUTORELEASING = YES;
				CLANG_WARN_BOOL_CONVERSION = YES;
				CLANG_WARN_COMMA = YES;
				CLANG_WARN_CONSTANT_CONVERSION = YES;
				CLANG_WARN_DEPRECATED_OBJC_IMPLEMENTATIONS = YES;
				CLANG_WARN_DIRECT_OBJC_ISA_USAGE = YES_ERROR;
				CLANG_WARN_DOCUMENTATION_COMMENTS = YES;
				CLANG_WARN_EMPTY_BODY = YES;
				CLANG_WARN_ENUM_CONVERSION = YES;
				CLANG_WARN_INFINITE_RECURSION = YES;
				CLANG_WARN_INT_CONVERSION = YES;
				CLANG_WARN_NON_LITERAL_NULL_CONVERSION = YES;
				CLANG_WARN_OBJC_IMPLICIT_RETAIN_SELF = YES;
				CLANG_WARN_OBJC_LITERAL_CONVERSION = YES;
				CLANG_WARN_OBJC_ROOT_CLASS = YES_ERROR;
				CLANG_WARN_QUOTED_INCLUDE_IN_FRAMEWORK_HEADER = YES;
				CLANG_WARN_RANGE_LOOP_ANALYSIS = YES;
				CLANG_WARN_STRICT_PROTOTYPES = YES;
				CLANG_WARN_SUSPICIOUS_MOVE = YES;
				CLANG_WARN_UNGUARDED_AVAILABILITY = YES_AGGRESSIVE;
				CLANG_WARN_UNREACHABLE_CODE = YES;
				CLANG_WARN__DUPLICATE_METHOD_MATCH = YES;
				COPY_PHASE_STRIP = NO;
				DEBUG_INFORMATION_FORMAT = dwarf;
				ENABLE_STRICT_OBJC_MSGSEND = YES;
				ENABLE_TESTABILITY = YES;
				ENABLE_USER_SCRIPT_SANDBOXING = YES;
				GCC_C_LANGUAGE_STANDARD = gnu17;
				GCC_DYNAMIC_NO_PIC = NO;
				GCC_NO_COMMON_BLOCKS = YES;
				GCC_OPTIMIZATION_LEVEL = 0;
				GCC_PREPROCESSOR_DEFINITIONS = (
					"DEBUG=1",
					"$(inherited)",
				);
				GCC_WARN_64_TO_32_BIT_CONVERSION = YES;
				GCC_WARN_ABOUT_RETURN_TYPE = YES_ERROR;
				GCC_WARN_UNDECLARED_SELECTOR = YES;
				GCC_WARN_UNINITIALIZED_AUTOS = YES_AGGRESSIVE;
				GCC_WARN_UNUSED_FUNCTION = YES;
				GCC_WARN_UNUSED_VARIABLE = YES;
				IPHONEOS_DEPLOYMENT_TARGET = 17.0;
				LOCALIZATION_PREFERS_STRING_CATALOGS = YES;
				MTL_ENABLE_DEBUG_INFO = INCLUDE_SOURCE;
				MTL_FAST_MATH = YES;
				ONLY_ACTIVE_ARCH = YES;
				SDKROOT = iphoneos;
				SWIFT_ACTIVE_COMPILATION_CONDITIONS = "DEBUG $(inherited)";
				SWIFT_OPTIMIZATION_LEVEL = "-Onone";
			};
			name = Debug;
		};
		991F3AA62C78BBE500E1CC1C /* Release */ = {
			isa = XCBuildConfiguration;
			buildSettings = {
				ALWAYS_SEARCH_USER_PATHS = NO;
				ASSETCATALOG_COMPILER_GENERATE_SWIFT_ASSET_SYMBOL_EXTENSIONS = YES;
				CLANG_ANALYZER_NONNULL = YES;
				CLANG_ANALYZER_NUMBER_OBJECT_CONVERSION = YES_AGGRESSIVE;
				CLANG_CXX_LANGUAGE_STANDARD = "gnu++20";
				CLANG_ENABLE_MODULES = YES;
				CLANG_ENABLE_OBJC_ARC = YES;
				CLANG_ENABLE_OBJC_WEAK = YES;
				CLANG_WARN_BLOCK_CAPTURE_AUTORELEASING = YES;
				CLANG_WARN_BOOL_CONVERSION = YES;
				CLANG_WARN_COMMA = YES;
				CLANG_WARN_CONSTANT_CONVERSION = YES;
				CLANG_WARN_DEPRECATED_OBJC_IMPLEMENTATIONS = YES;
				CLANG_WARN_DIRECT_OBJC_ISA_USAGE = YES_ERROR;
				CLANG_WARN_DOCUMENTATION_COMMENTS = YES;
				CLANG_WARN_EMPTY_BODY = YES;
				CLANG_WARN_ENUM_CONVERSION = YES;
				CLANG_WARN_INFINITE_RECURSION = YES;
				CLANG_WARN_INT_CONVERSION = YES;
				CLANG_WARN_NON_LITERAL_NULL_CONVERSION = YES;
				CLANG_WARN_OBJC_IMPLICIT_RETAIN_SELF = YES;
				CLANG_WARN_OBJC_LITERAL_CONVERSION = YES;
				CLANG_WARN_OBJC_ROOT_CLASS = YES_ERROR;
				CLANG_WARN_QUOTED_INCLUDE_IN_FRAMEWORK_HEADER = YES;
				CLANG_WARN_RANGE_LOOP_ANALYSIS = YES;
				CLANG_WARN_STRICT_PROTOTYPES = YES;
				CLANG_WARN_SUSPICIOUS_MOVE = YES;
				CLANG_WARN_UNGUARDED_AVAILABILITY = YES_AGGRESSIVE;
				CLANG_WARN_UNREACHABLE_CODE = YES;
				CLANG_WARN__DUPLICATE_METHOD_MATCH = YES;
				COPY_PHASE_STRIP = NO;
				DEBUG_INFORMATION_FORMAT = "dwarf-with-dsym";
				ENABLE_NS_ASSERTIONS = NO;
				ENABLE_STRICT_OBJC_MSGSEND = YES;
				ENABLE_USER_SCRIPT_SANDBOXING = YES;
				GCC_C_LANGUAGE_STANDARD = gnu17;
				GCC_NO_COMMON_BLOCKS = YES;
				GCC_WARN_64_TO_32_BIT_CONVERSION = YES;
				GCC_WARN_ABOUT_RETURN_TYPE = YES_ERROR;
				GCC_WARN_UNDECLARED_SELECTOR = YES;
				GCC_WARN_UNINITIALIZED_AUTOS = YES_AGGRESSIVE;
				GCC_WARN_UNUSED_FUNCTION = YES;
				GCC_WARN_UNUSED_VARIABLE = YES;
				IPHONEOS_DEPLOYMENT_TARGET = 17.0;
				LOCALIZATION_PREFERS_STRING_CATALOGS = YES;
				MTL_ENABLE_DEBUG_INFO = NO;
				MTL_FAST_MATH = YES;
				SDKROOT = iphoneos;
				SWIFT_COMPILATION_MODE = wholemodule;
				VALIDATE_PRODUCT = YES;
			};
			name = Release;
		};
		991F3AA82C78BBE500E1CC1C /* Debug */ = {
			isa = XCBuildConfiguration;
			buildSettings = {
				ASSETCATALOG_COMPILER_APPICON_NAME = AppIcon;
				ASSETCATALOG_COMPILER_GLOBAL_ACCENT_COLOR_NAME = AccentColor;
				CODE_SIGN_STYLE = Automatic;
				CURRENT_PROJECT_VERSION = 1;
				DEVELOPMENT_ASSET_PATHS = "\"Costia/Preview Content\"";
				DEVELOPMENT_TEAM = 694ZS6YAZS;
				ENABLE_PREVIEWS = YES;
				GENERATE_INFOPLIST_FILE = YES;
				INFOPLIST_KEY_NSCameraUsageDescription = "This app needs camera access to scan barcode and text.";
				INFOPLIST_KEY_NSLocationAlwaysAndWhenInUseUsageDescription = "En yakın marketleri gösterebilmek için konum bilginizi kullanıyoruz.";
				INFOPLIST_KEY_NSLocationAlwaysUsageDescription = "Konumunuzu sürekli olarak kullanarak size daha iyi hizmet verebiliriz.";
				INFOPLIST_KEY_NSLocationWhenInUseUsageDescription = "En yakın marketleri gösterebilmek için konum bilginizi kullanıyoruz.";
				INFOPLIST_KEY_UIApplicationSceneManifest_Generation = YES;
				INFOPLIST_KEY_UIApplicationSupportsIndirectInputEvents = YES;
				INFOPLIST_KEY_UILaunchScreen_Generation = YES;
				INFOPLIST_KEY_UISupportedInterfaceOrientations_iPad = "UIInterfaceOrientationPortrait UIInterfaceOrientationPortraitUpsideDown UIInterfaceOrientationLandscapeLeft UIInterfaceOrientationLandscapeRight";
				INFOPLIST_KEY_UISupportedInterfaceOrientations_iPhone = "UIInterfaceOrientationPortrait UIInterfaceOrientationLandscapeLeft UIInterfaceOrientationLandscapeRight";
				LD_RUNPATH_SEARCH_PATHS = (
					"$(inherited)",
					"@executable_path/Frameworks",
				);
				MARKETING_VERSION = 1.0;
				PRODUCT_BUNDLE_IDENTIFIER = com.rmgoktas.Costia;
				PRODUCT_NAME = "$(TARGET_NAME)";
				SWIFT_EMIT_LOC_STRINGS = YES;
				SWIFT_VERSION = 5.0;
				TARGETED_DEVICE_FAMILY = "1,2";
			};
			name = Debug;
		};
		991F3AA92C78BBE500E1CC1C /* Release */ = {
			isa = XCBuildConfiguration;
			buildSettings = {
				ASSETCATALOG_COMPILER_APPICON_NAME = AppIcon;
				ASSETCATALOG_COMPILER_GLOBAL_ACCENT_COLOR_NAME = AccentColor;
				CODE_SIGN_STYLE = Automatic;
				CURRENT_PROJECT_VERSION = 1;
				DEVELOPMENT_ASSET_PATHS = "\"Costia/Preview Content\"";
				DEVELOPMENT_TEAM = 694ZS6YAZS;
				ENABLE_PREVIEWS = YES;
				GENERATE_INFOPLIST_FILE = YES;
				INFOPLIST_KEY_NSCameraUsageDescription = "This app needs camera access to scan barcode and text.";
				INFOPLIST_KEY_NSLocationAlwaysAndWhenInUseUsageDescription = "En yakın marketleri gösterebilmek için konum bilginizi kullanıyoruz.";
				INFOPLIST_KEY_NSLocationAlwaysUsageDescription = "Konumunuzu sürekli olarak kullanarak size daha iyi hizmet verebiliriz.";
				INFOPLIST_KEY_NSLocationWhenInUseUsageDescription = "En yakın marketleri gösterebilmek için konum bilginizi kullanıyoruz.";
				INFOPLIST_KEY_UIApplicationSceneManifest_Generation = YES;
				INFOPLIST_KEY_UIApplicationSupportsIndirectInputEvents = YES;
				INFOPLIST_KEY_UILaunchScreen_Generation = YES;
				INFOPLIST_KEY_UISupportedInterfaceOrientations_iPad = "UIInterfaceOrientationPortrait UIInterfaceOrientationPortraitUpsideDown UIInterfaceOrientationLandscapeLeft UIInterfaceOrientationLandscapeRight";
				INFOPLIST_KEY_UISupportedInterfaceOrientations_iPhone = "UIInterfaceOrientationPortrait UIInterfaceOrientationLandscapeLeft UIInterfaceOrientationLandscapeRight";
				LD_RUNPATH_SEARCH_PATHS = (
					"$(inherited)",
					"@executable_path/Frameworks",
				);
				MARKETING_VERSION = 1.0;
				PRODUCT_BUNDLE_IDENTIFIER = com.rmgoktas.Costia;
				PRODUCT_NAME = "$(TARGET_NAME)";
				SWIFT_EMIT_LOC_STRINGS = YES;
				SWIFT_VERSION = 5.0;
				TARGETED_DEVICE_FAMILY = "1,2";
			};
			name = Release;
		};
/* End XCBuildConfiguration section */

/* Begin XCConfigurationList section */
		991F3A942C78BBE400E1CC1C /* Build configuration list for PBXProject "Costia" */ = {
			isa = XCConfigurationList;
			buildConfigurations = (
				991F3AA52C78BBE500E1CC1C /* Debug */,
				991F3AA62C78BBE500E1CC1C /* Release */,
			);
			defaultConfigurationIsVisible = 0;
			defaultConfigurationName = Release;
		};
		991F3AA72C78BBE500E1CC1C /* Build configuration list for PBXNativeTarget "Costia" */ = {
			isa = XCConfigurationList;
			buildConfigurations = (
				991F3AA82C78BBE500E1CC1C /* Debug */,
				991F3AA92C78BBE500E1CC1C /* Release */,
			);
			defaultConfigurationIsVisible = 0;
			defaultConfigurationName = Release;
		};
/* End XCConfigurationList section */
	};
	rootObject = 991F3A912C78BBE400E1CC1C /* Project object */;
}
